// !$*UTF8*$!
{
	archiveVersion = 1;
	classes = {
	};
	objectVersion = 54;
	objects = {

/* Begin PBXBuildFile section */
		CA011B102CF976A2006E5C74 /* CameraController.swift in Sources */ = {isa = PBXBuildFile; fileRef = CA011B0F2CF976A2006E5C74 /* CameraController.swift */; };
		CA011B122CFAA159006E5C74 /* CameraPreview.swift in Sources */ = {isa = PBXBuildFile; fileRef = CA011B112CFAA159006E5C74 /* CameraPreview.swift */; };
		CA011B142CFBF729006E5C74 /* CalibrationController.swift in Sources */ = {isa = PBXBuildFile; fileRef = CA011B132CFBF729006E5C74 /* CalibrationController.swift */; };
		CA2C3D8125C61478007BAF1F /* MotorStatusView.swift in Sources */ = {isa = PBXBuildFile; fileRef = CA2C3D8025C61478007BAF1F /* MotorStatusView.swift */; };
		CA2C3D8E25C78E15007BAF1F /* BatteryStatusView.swift in Sources */ = {isa = PBXBuildFile; fileRef = CA2C3D8D25C78E15007BAF1F /* BatteryStatusView.swift */; };
		CA4AFCB12DCD9F5B0041EE78 /* BluetoothJoystickController.swift in Sources */ = {isa = PBXBuildFile; fileRef = CA4AFCB02DCD9F480041EE78 /* BluetoothJoystickController.swift */; };
		CA4AFCB32DCDA0F00041EE78 /* CommonDefs.swift in Sources */ = {isa = PBXBuildFile; fileRef = CA4AFCB22DCDA0EE0041EE78 /* CommonDefs.swift */; };
		CA4AFCB92DCEDF2F0041EE78 /* ArmStatusController.swift in Sources */ = {isa = PBXBuildFile; fileRef = CA4AFCB82DCEDF2F0041EE78 /* ArmStatusController.swift */; };
		CA524551255225B500537AD4 /* BLEController.swift in Sources */ = {isa = PBXBuildFile; fileRef = CA524550255225B500537AD4 /* BLEController.swift */; };
		CA62A17226E5984400FFE119 /* DebuggerView.swift in Sources */ = {isa = PBXBuildFile; fileRef = CA62A17126E5984400FFE119 /* DebuggerView.swift */; };
		CA62E3D12546172C008C511B /* ControllerView.swift in Sources */ = {isa = PBXBuildFile; fileRef = CA62E3D02546172C008C511B /* ControllerView.swift */; };
		CA62E3D42546186A008C511B /* HelperExtensions.swift in Sources */ = {isa = PBXBuildFile; fileRef = CA62E3D32546186A008C511B /* HelperExtensions.swift */; };
		CA62E3DE25462FB2008C511B /* StickConfiguration.swift in Sources */ = {isa = PBXBuildFile; fileRef = CA62E3DD25462FB2008C511B /* StickConfiguration.swift */; };
		CA8BF34C25BCEE1F007B3440 /* StickUpdateParams.swift in Sources */ = {isa = PBXBuildFile; fileRef = CA8BF34B25BCEE1F007B3440 /* StickUpdateParams.swift */; };
		CA8BF34F25BD035D007B3440 /* BLEStatusView.swift in Sources */ = {isa = PBXBuildFile; fileRef = CA8BF34E25BD035D007B3440 /* BLEStatusView.swift */; };
		CA8BF35225BD0419007B3440 /* QuadStatus.swift in Sources */ = {isa = PBXBuildFile; fileRef = CA8BF35125BD0419007B3440 /* QuadStatus.swift */; };
		CA9E90712D07DD4F00E35D4E /* WeakReference.swift in Sources */ = {isa = PBXBuildFile; fileRef = CA9E90702D07DD4F00E35D4E /* WeakReference.swift */; };
		CA9E90732D0FD26600E35D4E /* AlertModels.swift in Sources */ = {isa = PBXBuildFile; fileRef = CA9E90722D0FD26600E35D4E /* AlertModels.swift */; };
		CAC0037A2CE1A20A0008FD5A /* MemoryStatusView.swift in Sources */ = {isa = PBXBuildFile; fileRef = CAC003792CE1A20A0008FD5A /* MemoryStatusView.swift */; };
		CAC77FB42A8322FA00E8ABA7 /* DGCharts in Frameworks */ = {isa = PBXBuildFile; productRef = CAC77FB32A8322FA00E8ABA7 /* DGCharts */; };
		CAED1C302D8A561E001215E2 /* PIDDebuggerView.swift in Sources */ = {isa = PBXBuildFile; fileRef = CAED1C2F2D8A561E001215E2 /* PIDDebuggerView.swift */; };
		CAED1C322D8A5993001215E2 /* PIDControlller.swift in Sources */ = {isa = PBXBuildFile; fileRef = CAED1C312D8A5993001215E2 /* PIDControlller.swift */; };
		CAF03F7C2544D7A500D04771 /* QuadControllerApp.swift in Sources */ = {isa = PBXBuildFile; fileRef = CAF03F7B2544D7A500D04771 /* QuadControllerApp.swift */; };
		CAF03F7E2544D7A500D04771 /* ContentView.swift in Sources */ = {isa = PBXBuildFile; fileRef = CAF03F7D2544D7A500D04771 /* ContentView.swift */; };
		CAF03F802544D7A600D04771 /* Assets.xcassets in Resources */ = {isa = PBXBuildFile; fileRef = CAF03F7F2544D7A600D04771 /* Assets.xcassets */; };
		CAF03F832544D7A600D04771 /* Preview Assets.xcassets in Resources */ = {isa = PBXBuildFile; fileRef = CAF03F822544D7A600D04771 /* Preview Assets.xcassets */; };
/* End PBXBuildFile section */

/* Begin PBXCopyFilesBuildPhase section */
		CA2C3D8925C615B8007BAF1F /* Embed Frameworks */ = {
			isa = PBXCopyFilesBuildPhase;
			buildActionMask = 2147483647;
			dstPath = "";
			dstSubfolderSpec = 10;
			files = (
			);
			name = "Embed Frameworks";
			runOnlyForDeploymentPostprocessing = 0;
		};
/* End PBXCopyFilesBuildPhase section */

/* Begin PBXFileReference section */
		CA011B0F2CF976A2006E5C74 /* CameraController.swift */ = {isa = PBXFileReference; lastKnownFileType = sourcecode.swift; path = CameraController.swift; sourceTree = "<group>"; };
		CA011B112CFAA159006E5C74 /* CameraPreview.swift */ = {isa = PBXFileReference; lastKnownFileType = sourcecode.swift; path = CameraPreview.swift; sourceTree = "<group>"; };
		CA011B132CFBF729006E5C74 /* CalibrationController.swift */ = {isa = PBXFileReference; lastKnownFileType = sourcecode.swift; path = CalibrationController.swift; sourceTree = "<group>"; };
		CA2C3D8025C61478007BAF1F /* MotorStatusView.swift */ = {isa = PBXFileReference; lastKnownFileType = sourcecode.swift; path = MotorStatusView.swift; sourceTree = "<group>"; };
		CA2C3D8D25C78E15007BAF1F /* BatteryStatusView.swift */ = {isa = PBXFileReference; lastKnownFileType = sourcecode.swift; path = BatteryStatusView.swift; sourceTree = "<group>"; };
		CA4AFCB02DCD9F480041EE78 /* BluetoothJoystickController.swift */ = {isa = PBXFileReference; lastKnownFileType = sourcecode.swift; path = BluetoothJoystickController.swift; sourceTree = "<group>"; };
		CA4AFCB22DCDA0EE0041EE78 /* CommonDefs.swift */ = {isa = PBXFileReference; lastKnownFileType = sourcecode.swift; path = CommonDefs.swift; sourceTree = "<group>"; };
		CA4AFCB82DCEDF2F0041EE78 /* ArmStatusController.swift */ = {isa = PBXFileReference; lastKnownFileType = sourcecode.swift; path = ArmStatusController.swift; sourceTree = "<group>"; };
		CA524550255225B500537AD4 /* BLEController.swift */ = {isa = PBXFileReference; lastKnownFileType = sourcecode.swift; path = BLEController.swift; sourceTree = "<group>"; };
		CA62A17126E5984400FFE119 /* DebuggerView.swift */ = {isa = PBXFileReference; lastKnownFileType = sourcecode.swift; path = DebuggerView.swift; sourceTree = "<group>"; };
		CA62E3D02546172C008C511B /* ControllerView.swift */ = {isa = PBXFileReference; lastKnownFileType = sourcecode.swift; path = ControllerView.swift; sourceTree = "<group>"; };
		CA62E3D32546186A008C511B /* HelperExtensions.swift */ = {isa = PBXFileReference; lastKnownFileType = sourcecode.swift; path = HelperExtensions.swift; sourceTree = "<group>"; };
		CA62E3DD25462FB2008C511B /* StickConfiguration.swift */ = {isa = PBXFileReference; lastKnownFileType = sourcecode.swift; path = StickConfiguration.swift; sourceTree = "<group>"; };
		CA8BF34B25BCEE1F007B3440 /* StickUpdateParams.swift */ = {isa = PBXFileReference; lastKnownFileType = sourcecode.swift; path = StickUpdateParams.swift; sourceTree = "<group>"; };
		CA8BF34E25BD035D007B3440 /* BLEStatusView.swift */ = {isa = PBXFileReference; lastKnownFileType = sourcecode.swift; path = BLEStatusView.swift; sourceTree = "<group>"; };
		CA8BF35125BD0419007B3440 /* QuadStatus.swift */ = {isa = PBXFileReference; lastKnownFileType = sourcecode.swift; path = QuadStatus.swift; sourceTree = "<group>"; };
		CA9E90702D07DD4F00E35D4E /* WeakReference.swift */ = {isa = PBXFileReference; lastKnownFileType = sourcecode.swift; path = WeakReference.swift; sourceTree = "<group>"; };
		CA9E90722D0FD26600E35D4E /* AlertModels.swift */ = {isa = PBXFileReference; lastKnownFileType = sourcecode.swift; path = AlertModels.swift; sourceTree = "<group>"; };
		CAC003762CE0483E0008FD5A /* QuadController-Bridging-Header.h */ = {isa = PBXFileReference; lastKnownFileType = sourcecode.c.h; path = "QuadController-Bridging-Header.h"; sourceTree = "<group>"; };
		CAC003792CE1A20A0008FD5A /* MemoryStatusView.swift */ = {isa = PBXFileReference; lastKnownFileType = sourcecode.swift; path = MemoryStatusView.swift; sourceTree = "<group>"; };
		CAED1C2F2D8A561E001215E2 /* PIDDebuggerView.swift */ = {isa = PBXFileReference; lastKnownFileType = sourcecode.swift; path = PIDDebuggerView.swift; sourceTree = "<group>"; };
		CAED1C312D8A5993001215E2 /* PIDControlller.swift */ = {isa = PBXFileReference; lastKnownFileType = sourcecode.swift; path = PIDControlller.swift; sourceTree = "<group>"; };
		CAF03F782544D7A500D04771 /* QuadController.app */ = {isa = PBXFileReference; explicitFileType = wrapper.application; includeInIndex = 0; path = QuadController.app; sourceTree = BUILT_PRODUCTS_DIR; };
		CAF03F7B2544D7A500D04771 /* QuadControllerApp.swift */ = {isa = PBXFileReference; lastKnownFileType = sourcecode.swift; path = QuadControllerApp.swift; sourceTree = "<group>"; };
		CAF03F7D2544D7A500D04771 /* ContentView.swift */ = {isa = PBXFileReference; lastKnownFileType = sourcecode.swift; path = ContentView.swift; sourceTree = "<group>"; };
		CAF03F7F2544D7A600D04771 /* Assets.xcassets */ = {isa = PBXFileReference; lastKnownFileType = folder.assetcatalog; path = Assets.xcassets; sourceTree = "<group>"; };
		CAF03F822544D7A600D04771 /* Preview Assets.xcassets */ = {isa = PBXFileReference; lastKnownFileType = folder.assetcatalog; path = "Preview Assets.xcassets"; sourceTree = "<group>"; };
		CAF03F842544D7A600D04771 /* Info.plist */ = {isa = PBXFileReference; lastKnownFileType = text.plist.xml; path = Info.plist; sourceTree = "<group>"; };
/* End PBXFileReference section */

/* Begin PBXFrameworksBuildPhase section */
		CAF03F752544D7A500D04771 /* Frameworks */ = {
			isa = PBXFrameworksBuildPhase;
			buildActionMask = 2147483647;
			files = (
				CAC77FB42A8322FA00E8ABA7 /* DGCharts in Frameworks */,
			);
			runOnlyForDeploymentPostprocessing = 0;
		};
/* End PBXFrameworksBuildPhase section */

/* Begin PBXGroup section */
		CA524553255225BD00537AD4 /* Controllers */ = {
			isa = PBXGroup;
			children = (
				CA524550255225B500537AD4 /* BLEController.swift */,
				CA4AFCB02DCD9F480041EE78 /* BluetoothJoystickController.swift */,
				CA011B0F2CF976A2006E5C74 /* CameraController.swift */,
				CA011B132CFBF729006E5C74 /* CalibrationController.swift */,
				CAED1C312D8A5993001215E2 /* PIDControlller.swift */,
				CA4AFCB82DCEDF2F0041EE78 /* ArmStatusController.swift */,
			);
			path = Controllers;
			sourceTree = "<group>";
		};
		CA62E3D925462F97008C511B /* Views */ = {
			isa = PBXGroup;
			children = (
				CAF03F7D2544D7A500D04771 /* ContentView.swift */,
				CA62E3D02546172C008C511B /* ControllerView.swift */,
				CA8BF34E25BD035D007B3440 /* BLEStatusView.swift */,
				CA2C3D8025C61478007BAF1F /* MotorStatusView.swift */,
				CAC003792CE1A20A0008FD5A /* MemoryStatusView.swift */,
				CA2C3D8D25C78E15007BAF1F /* BatteryStatusView.swift */,
				CA62A17126E5984400FFE119 /* DebuggerView.swift */,
				CA011B112CFAA159006E5C74 /* CameraPreview.swift */,
				CAED1C2F2D8A561E001215E2 /* PIDDebuggerView.swift */,
			);
			path = Views;
			sourceTree = "<group>";
		};
		CA62E3DB25462F9F008C511B /* Models */ = {
			isa = PBXGroup;
			children = (
				CA62E3DD25462FB2008C511B /* StickConfiguration.swift */,
				CA8BF34B25BCEE1F007B3440 /* StickUpdateParams.swift */,
				CA8BF35125BD0419007B3440 /* QuadStatus.swift */,
				CA9E90722D0FD26600E35D4E /* AlertModels.swift */,
			);
			path = Models;
			sourceTree = "<group>";
		};
		CAC77FB22A8322FA00E8ABA7 /* Frameworks */ = {
			isa = PBXGroup;
			children = (
			);
			name = Frameworks;
			sourceTree = "<group>";
		};
		CAF03F6F2544D7A500D04771 = {
			isa = PBXGroup;
			children = (
				CAF03F7A2544D7A500D04771 /* QuadController */,
				CAF03F792544D7A500D04771 /* Products */,
				CAC77FB22A8322FA00E8ABA7 /* Frameworks */,
			);
			sourceTree = "<group>";
		};
		CAF03F792544D7A500D04771 /* Products */ = {
			isa = PBXGroup;
			children = (
				CAF03F782544D7A500D04771 /* QuadController.app */,
			);
			name = Products;
			sourceTree = "<group>";
		};
		CAF03F7A2544D7A500D04771 /* QuadController */ = {
			isa = PBXGroup;
			children = (
				CAC003762CE0483E0008FD5A /* QuadController-Bridging-Header.h */,
				CAF03F7B2544D7A500D04771 /* QuadControllerApp.swift */,
				CA524553255225BD00537AD4 /* Controllers */,
				CA62E3DB25462F9F008C511B /* Models */,
				CA62E3D925462F97008C511B /* Views */,
				CA62E3D32546186A008C511B /* HelperExtensions.swift */,
				CA4AFCB22DCDA0EE0041EE78 /* CommonDefs.swift */,
				CA9E90702D07DD4F00E35D4E /* WeakReference.swift */,
				CAF03F7F2544D7A600D04771 /* Assets.xcassets */,
				CAF03F842544D7A600D04771 /* Info.plist */,
				CAF03F812544D7A600D04771 /* Preview Content */,
			);
			path = QuadController;
			sourceTree = "<group>";
		};
		CAF03F812544D7A600D04771 /* Preview Content */ = {
			isa = PBXGroup;
			children = (
				CAF03F822544D7A600D04771 /* Preview Assets.xcassets */,
			);
			path = "Preview Content";
			sourceTree = "<group>";
		};
/* End PBXGroup section */

/* Begin PBXNativeTarget section */
		CAF03F772544D7A500D04771 /* QuadController */ = {
			isa = PBXNativeTarget;
			buildConfigurationList = CAF03F872544D7A600D04771 /* Build configuration list for PBXNativeTarget "QuadController" */;
			buildPhases = (
				CAF03F742544D7A500D04771 /* Sources */,
				CAF03F752544D7A500D04771 /* Frameworks */,
				CAF03F762544D7A500D04771 /* Resources */,
				CA2C3D8925C615B8007BAF1F /* Embed Frameworks */,
			);
			buildRules = (
			);
			dependencies = (
			);
			name = QuadController;
			packageProductDependencies = (
				CAC77FB32A8322FA00E8ABA7 /* DGCharts */,
			);
			productName = QuadController;
			productReference = CAF03F782544D7A500D04771 /* QuadController.app */;
			productType = "com.apple.product-type.application";
		};
/* End PBXNativeTarget section */

/* Begin PBXProject section */
		CAF03F702544D7A500D04771 /* Project object */ = {
			isa = PBXProject;
			attributes = {
				LastSwiftUpdateCheck = 1200;
				LastUpgradeCheck = 1200;
				TargetAttributes = {
					CAF03F772544D7A500D04771 = {
						CreatedOnToolsVersion = 12.0.1;
						LastSwiftMigration = 1540;
					};
				};
			};
			buildConfigurationList = CAF03F732544D7A500D04771 /* Build configuration list for PBXProject "QuadController" */;
			compatibilityVersion = "Xcode 9.3";
			developmentRegion = en;
			hasScannedForEncodings = 0;
			knownRegions = (
				en,
				Base,
			);
			mainGroup = CAF03F6F2544D7A500D04771;
			packageReferences = (
				CA2C3D8A25C615FB007BAF1F /* XCRemoteSwiftPackageReference "Charts" */,
			);
			productRefGroup = CAF03F792544D7A500D04771 /* Products */;
			projectDirPath = "";
			projectRoot = "";
			targets = (
				CAF03F772544D7A500D04771 /* QuadController */,
			);
		};
/* End PBXProject section */

/* Begin PBXResourcesBuildPhase section */
		CAF03F762544D7A500D04771 /* Resources */ = {
			isa = PBXResourcesBuildPhase;
			buildActionMask = 2147483647;
			files = (
				CAF03F832544D7A600D04771 /* Preview Assets.xcassets in Resources */,
				CAF03F802544D7A600D04771 /* Assets.xcassets in Resources */,
			);
			runOnlyForDeploymentPostprocessing = 0;
		};
/* End PBXResourcesBuildPhase section */

/* Begin PBXSourcesBuildPhase section */
		CAF03F742544D7A500D04771 /* Sources */ = {
			isa = PBXSourcesBuildPhase;
			buildActionMask = 2147483647;
			files = (
				CA011B142CFBF729006E5C74 /* CalibrationController.swift in Sources */,
				CA8BF35225BD0419007B3440 /* QuadStatus.swift in Sources */,
				CA4AFCB32DCDA0F00041EE78 /* CommonDefs.swift in Sources */,
				CA62A17226E5984400FFE119 /* DebuggerView.swift in Sources */,
				CA2C3D8125C61478007BAF1F /* MotorStatusView.swift in Sources */,
				CA9E90732D0FD26600E35D4E /* AlertModels.swift in Sources */,
				CA4AFCB12DCD9F5B0041EE78 /* BluetoothJoystickController.swift in Sources */,
				CA8BF34F25BD035D007B3440 /* BLEStatusView.swift in Sources */,
				CAF03F7E2544D7A500D04771 /* ContentView.swift in Sources */,
				CA524551255225B500537AD4 /* BLEController.swift in Sources */,
				CAED1C322D8A5993001215E2 /* PIDControlller.swift in Sources */,
				CA9E90712D07DD4F00E35D4E /* WeakReference.swift in Sources */,
				CA62E3D42546186A008C511B /* HelperExtensions.swift in Sources */,
				CA62E3DE25462FB2008C511B /* StickConfiguration.swift in Sources */,
				CA011B122CFAA159006E5C74 /* CameraPreview.swift in Sources */,
				CA4AFCB92DCEDF2F0041EE78 /* ArmStatusController.swift in Sources */,
				CAED1C302D8A561E001215E2 /* PIDDebuggerView.swift in Sources */,
				CAF03F7C2544D7A500D04771 /* QuadControllerApp.swift in Sources */,
				CA011B102CF976A2006E5C74 /* CameraController.swift in Sources */,
				CA2C3D8E25C78E15007BAF1F /* BatteryStatusView.swift in Sources */,
				CAC0037A2CE1A20A0008FD5A /* MemoryStatusView.swift in Sources */,
				CA62E3D12546172C008C511B /* ControllerView.swift in Sources */,
				CA8BF34C25BCEE1F007B3440 /* StickUpdateParams.swift in Sources */,
			);
			runOnlyForDeploymentPostprocessing = 0;
		};
/* End PBXSourcesBuildPhase section */

/* Begin XCBuildConfiguration section */
		CAF03F852544D7A600D04771 /* Debug */ = {
			isa = XCBuildConfiguration;
			buildSettings = {
				ALWAYS_SEARCH_USER_PATHS = NO;
				CLANG_ANALYZER_NONNULL = YES;
				CLANG_ANALYZER_NUMBER_OBJECT_CONVERSION = YES_AGGRESSIVE;
				CLANG_CXX_LANGUAGE_STANDARD = "gnu++14";
				CLANG_CXX_LIBRARY = "libc++";
				CLANG_ENABLE_MODULES = YES;
				CLANG_ENABLE_OBJC_ARC = YES;
				CLANG_ENABLE_OBJC_WEAK = YES;
				CLANG_WARN_BLOCK_CAPTURE_AUTORELEASING = YES;
				CLANG_WARN_BOOL_CONVERSION = YES;
				CLANG_WARN_COMMA = YES;
				CLANG_WARN_CONSTANT_CONVERSION = YES;
				CLANG_WARN_DEPRECATED_OBJC_IMPLEMENTATIONS = YES;
				CLANG_WARN_DIRECT_OBJC_ISA_USAGE = YES_ERROR;
				CLANG_WARN_DOCUMENTATION_COMMENTS = YES;
				CLANG_WARN_EMPTY_BODY = YES;
				CLANG_WARN_ENUM_CONVERSION = YES;
				CLANG_WARN_INFINITE_RECURSION = YES;
				CLANG_WARN_INT_CONVERSION = YES;
				CLANG_WARN_NON_LITERAL_NULL_CONVERSION = YES;
				CLANG_WARN_OBJC_IMPLICIT_RETAIN_SELF = YES;
				CLANG_WARN_OBJC_LITERAL_CONVERSION = YES;
				CLANG_WARN_OBJC_ROOT_CLASS = YES_ERROR;
				CLANG_WARN_QUOTED_INCLUDE_IN_FRAMEWORK_HEADER = YES;
				CLANG_WARN_RANGE_LOOP_ANALYSIS = YES;
				CLANG_WARN_STRICT_PROTOTYPES = YES;
				CLANG_WARN_SUSPICIOUS_MOVE = YES;
				CLANG_WARN_UNGUARDED_AVAILABILITY = YES_AGGRESSIVE;
				CLANG_WARN_UNREACHABLE_CODE = YES;
				CLANG_WARN__DUPLICATE_METHOD_MATCH = YES;
				COPY_PHASE_STRIP = NO;
				DEBUG_INFORMATION_FORMAT = dwarf;
				ENABLE_STRICT_OBJC_MSGSEND = YES;
				ENABLE_TESTABILITY = YES;
				GCC_C_LANGUAGE_STANDARD = gnu11;
				GCC_DYNAMIC_NO_PIC = NO;
				GCC_NO_COMMON_BLOCKS = YES;
				GCC_OPTIMIZATION_LEVEL = 0;
				GCC_PREPROCESSOR_DEFINITIONS = (
					"DEBUG=1",
					"$(inherited)",
				);
				GCC_WARN_64_TO_32_BIT_CONVERSION = YES;
				GCC_WARN_ABOUT_RETURN_TYPE = YES_ERROR;
				GCC_WARN_UNDECLARED_SELECTOR = YES;
				GCC_WARN_UNINITIALIZED_AUTOS = YES_AGGRESSIVE;
				GCC_WARN_UNUSED_FUNCTION = YES;
				GCC_WARN_UNUSED_VARIABLE = YES;
				IPHONEOS_DEPLOYMENT_TARGET = 14.0;
				MTL_ENABLE_DEBUG_INFO = INCLUDE_SOURCE;
				MTL_FAST_MATH = YES;
				ONLY_ACTIVE_ARCH = YES;
				SDKROOT = iphoneos;
				SWIFT_ACTIVE_COMPILATION_CONDITIONS = DEBUG;
				SWIFT_OPTIMIZATION_LEVEL = "-Onone";
			};
			name = Debug;
		};
		CAF03F862544D7A600D04771 /* Release */ = {
			isa = XCBuildConfiguration;
			buildSettings = {
				ALWAYS_SEARCH_USER_PATHS = NO;
				CLANG_ANALYZER_NONNULL = YES;
				CLANG_ANALYZER_NUMBER_OBJECT_CONVERSION = YES_AGGRESSIVE;
				CLANG_CXX_LANGUAGE_STANDARD = "gnu++14";
				CLANG_CXX_LIBRARY = "libc++";
				CLANG_ENABLE_MODULES = YES;
				CLANG_ENABLE_OBJC_ARC = YES;
				CLANG_ENABLE_OBJC_WEAK = YES;
				CLANG_WARN_BLOCK_CAPTURE_AUTORELEASING = YES;
				CLANG_WARN_BOOL_CONVERSION = YES;
				CLANG_WARN_COMMA = YES;
				CLANG_WARN_CONSTANT_CONVERSION = YES;
				CLANG_WARN_DEPRECATED_OBJC_IMPLEMENTATIONS = YES;
				CLANG_WARN_DIRECT_OBJC_ISA_USAGE = YES_ERROR;
				CLANG_WARN_DOCUMENTATION_COMMENTS = YES;
				CLANG_WARN_EMPTY_BODY = YES;
				CLANG_WARN_ENUM_CONVERSION = YES;
				CLANG_WARN_INFINITE_RECURSION = YES;
				CLANG_WARN_INT_CONVERSION = YES;
				CLANG_WARN_NON_LITERAL_NULL_CONVERSION = YES;
				CLANG_WARN_OBJC_IMPLICIT_RETAIN_SELF = YES;
				CLANG_WARN_OBJC_LITERAL_CONVERSION = YES;
				CLANG_WARN_OBJC_ROOT_CLASS = YES_ERROR;
				CLANG_WARN_QUOTED_INCLUDE_IN_FRAMEWORK_HEADER = YES;
				CLANG_WARN_RANGE_LOOP_ANALYSIS = YES;
				CLANG_WARN_STRICT_PROTOTYPES = YES;
				CLANG_WARN_SUSPICIOUS_MOVE = YES;
				CLANG_WARN_UNGUARDED_AVAILABILITY = YES_AGGRESSIVE;
				CLANG_WARN_UNREACHABLE_CODE = YES;
				CLANG_WARN__DUPLICATE_METHOD_MATCH = YES;
				COPY_PHASE_STRIP = NO;
				DEBUG_INFORMATION_FORMAT = "dwarf-with-dsym";
				ENABLE_NS_ASSERTIONS = NO;
				ENABLE_STRICT_OBJC_MSGSEND = YES;
				GCC_C_LANGUAGE_STANDARD = gnu11;
				GCC_NO_COMMON_BLOCKS = YES;
				GCC_WARN_64_TO_32_BIT_CONVERSION = YES;
				GCC_WARN_ABOUT_RETURN_TYPE = YES_ERROR;
				GCC_WARN_UNDECLARED_SELECTOR = YES;
				GCC_WARN_UNINITIALIZED_AUTOS = YES_AGGRESSIVE;
				GCC_WARN_UNUSED_FUNCTION = YES;
				GCC_WARN_UNUSED_VARIABLE = YES;
				IPHONEOS_DEPLOYMENT_TARGET = 14.0;
				MTL_ENABLE_DEBUG_INFO = NO;
				MTL_FAST_MATH = YES;
				SDKROOT = iphoneos;
				SWIFT_COMPILATION_MODE = wholemodule;
				SWIFT_OPTIMIZATION_LEVEL = "-O";
				VALIDATE_PRODUCT = YES;
			};
			name = Release;
		};
		CAF03F882544D7A600D04771 /* Debug */ = {
			isa = XCBuildConfiguration;
			buildSettings = {
				ASSETCATALOG_COMPILER_APPICON_NAME = AppIcon;
				ASSETCATALOG_COMPILER_GLOBAL_ACCENT_COLOR_NAME = AccentColor;
				CLANG_ENABLE_MODULES = YES;
				CODE_SIGN_IDENTITY = "Apple Development";
				CODE_SIGN_STYLE = Automatic;
				DEVELOPMENT_ASSET_PATHS = "\"QuadController/Preview Content\"";
				DEVELOPMENT_TEAM = 4ZR3G6ZK9T;
				ENABLE_PREVIEWS = YES;
				INFOPLIST_FILE = QuadController/Info.plist;
				IPHONEOS_DEPLOYMENT_TARGET = 17.6;
				LD_RUNPATH_SEARCH_PATHS = (
					"$(inherited)",
					"@executable_path/Frameworks",
				);
				PRODUCT_BUNDLE_IDENTIFIER = com.bradhesse.QuadController;
				PRODUCT_NAME = "$(TARGET_NAME)";
				PROVISIONING_PROFILE_SPECIFIER = "";
				SWIFT_OBJC_BRIDGING_HEADER = "QuadController/QuadController-Bridging-Header.h";
				SWIFT_OPTIMIZATION_LEVEL = "-Onone";
				SWIFT_VERSION = 5.0;
				TARGETED_DEVICE_FAMILY = "1,2";
			};
			name = Debug;
		};
		CAF03F892544D7A600D04771 /* Release */ = {
			isa = XCBuildConfiguration;
			buildSettings = {
				ASSETCATALOG_COMPILER_APPICON_NAME = AppIcon;
				ASSETCATALOG_COMPILER_GLOBAL_ACCENT_COLOR_NAME = AccentColor;
				CLANG_ENABLE_MODULES = YES;
				CODE_SIGN_IDENTITY = "Apple Development";
				CODE_SIGN_STYLE = Automatic;
				DEVELOPMENT_ASSET_PATHS = "\"QuadController/Preview Content\"";
				DEVELOPMENT_TEAM = 4ZR3G6ZK9T;
				ENABLE_PREVIEWS = YES;
				INFOPLIST_FILE = QuadController/Info.plist;
				IPHONEOS_DEPLOYMENT_TARGET = 17.6;
				LD_RUNPATH_SEARCH_PATHS = (
					"$(inherited)",
					"@executable_path/Frameworks",
				);
				PRODUCT_BUNDLE_IDENTIFIER = com.bradhesse.QuadController;
				PRODUCT_NAME = "$(TARGET_NAME)";
				PROVISIONING_PROFILE_SPECIFIER = "";
				SWIFT_OBJC_BRIDGING_HEADER = "QuadController/QuadController-Bridging-Header.h";
				SWIFT_VERSION = 5.0;
				TARGETED_DEVICE_FAMILY = "1,2";
			};
			name = Release;
		};
/* End XCBuildConfiguration section */

/* Begin XCConfigurationList section */
		CAF03F732544D7A500D04771 /* Build configuration list for PBXProject "QuadController" */ = {
			isa = XCConfigurationList;
			buildConfigurations = (
				CAF03F852544D7A600D04771 /* Debug */,
				CAF03F862544D7A600D04771 /* Release */,
			);
			defaultConfigurationIsVisible = 0;
			defaultConfigurationName = Release;
		};
		CAF03F872544D7A600D04771 /* Build configuration list for PBXNativeTarget "QuadController" */ = {
			isa = XCConfigurationList;
			buildConfigurations = (
				CAF03F882544D7A600D04771 /* Debug */,
				CAF03F892544D7A600D04771 /* Release */,
			);
			defaultConfigurationIsVisible = 0;
			defaultConfigurationName = Release;
		};
/* End XCConfigurationList section */

/* Begin XCRemoteSwiftPackageReference section */
		CA2C3D8A25C615FB007BAF1F /* XCRemoteSwiftPackageReference "Charts" */ = {
			isa = XCRemoteSwiftPackageReference;
			repositoryURL = "https://github.com/danielgindi/Charts.git";
			requirement = {
				branch = master;
				kind = branch;
			};
		};
/* End XCRemoteSwiftPackageReference section */

/* Begin XCSwiftPackageProductDependency section */
		CAC77FB32A8322FA00E8ABA7 /* DGCharts */ = {
			isa = XCSwiftPackageProductDependency;
			package = CA2C3D8A25C615FB007BAF1F /* XCRemoteSwiftPackageReference "Charts" */;
			productName = DGCharts;
		};
/* End XCSwiftPackageProductDependency section */
	};
	rootObject = CAF03F702544D7A500D04771 /* Project object */;
}
